
Microsoft Visual Studio Solution File, Format Version 12.00
# Visual Studio Version 17
VisualStudioVersion = 17.11.35222.181
MinimumVisualStudioVersion = 10.0.40219.1
Project("{9A19103F-16F7-4668-BE54-9A1E7A4F7556}") = "SE171089_WPF", "SE171089_WPF\SE171089_WPF.csproj", "{5E9AA52F-B400-419E-ACA1-507E181260C3}"
EndProject
Project("{9A19103F-16F7-4668-BE54-9A1E7A4F7556}") = "SE171089_BusinessObject", "SE171089_BusinessObject\SE171089_BusinessObject.csproj", "{7D9E08C9-E5CB-4C65-99CB-128C7B5F821B}"
EndProject
Project("{9A19103F-16F7-4668-BE54-9A1E7A4F7556}") = "SE171089_Daos", "SE171089_Daos\SE171089_Daos.csproj", "{84D5E84F-9717-45F9-ADF8-86994AB3F22E}"
EndProject
Project("{9A19103F-16F7-4668-BE54-9A1E7A4F7556}") = "SE171089_Repositories", "SE171089_Repositories\SE171089_Repositories.csproj", "{7A0DCED3-FAAE-4AB1-82FC-C971E9D8EE10}"
EndProject
Project("{9A19103F-16F7-4668-BE54-9A1E7A4F7556}") = "SE171089_Services", "SE171089_Services\SE171089_Services.csproj", "{4B81958B-285C-4290-A47B-57865B2CE1DA}"
EndProject
Project("{9A19103F-16F7-4668-BE54-9A1E7A4F7556}") = "SE171089_Utilities", "SE171089_Utilities\SE171089_Utilities.csproj", "{3C0DB882-61A0-4F5F-8D4B-0A385A931C60}"
EndProject
Project("{9A19103F-16F7-4668-BE54-9A1E7A4F7556}") = "SE171089_RazorPage", "SE171089_RazorPage\SE171089_RazorPage.csproj", "{31A6ABBA-B555-4DB8-B88B-F04BC0B537B3}"
EndProject
Global
	GlobalSection(SolutionConfigurationPlatforms) = preSolution
		Debug|Any CPU = Debug|Any CPU
		Release|Any CPU = Release|Any CPU
	EndGlobalSection
	GlobalSection(ProjectConfigurationPlatforms) = postSolution
		{5E9AA52F-B400-419E-ACA1-507E181260C3}.Debug|Any CPU.ActiveCfg = Debug|Any CPU
		{5E9AA52F-B400-419E-ACA1-507E181260C3}.Debug|Any CPU.Build.0 = Debug|Any CPU
		{5E9AA52F-B400-419E-ACA1-507E181260C3}.Release|Any CPU.ActiveCfg = Release|Any CPU
		{5E9AA52F-B400-419E-ACA1-507E181260C3}.Release|Any CPU.Build.0 = Release|Any CPU
		{7D9E08C9-E5CB-4C65-99CB-128C7B5F821B}.Debug|Any CPU.ActiveCfg = Debug|Any CPU
		{7D9E08C9-E5CB-4C65-99CB-128C7B5F821B}.Debug|Any CPU.Build.0 = Debug|Any CPU
		{7D9E08C9-E5CB-4C65-99CB-128C7B5F821B}.Release|Any CPU.ActiveCfg = Release|Any CPU
		{7D9E08C9-E5CB-4C65-99CB-128C7B5F821B}.Release|Any CPU.Build.0 = Release|Any CPU
		{84D5E84F-9717-45F9-ADF8-86994AB3F22E}.Debug|Any CPU.ActiveCfg = Debug|Any CPU
		{84D5E84F-9717-45F9-ADF8-86994AB3F22E}.Debug|Any CPU.Build.0 = Debug|Any CPU
		{84D5E84F-9717-45F9-ADF8-86994AB3F22E}.Release|Any CPU.ActiveCfg = Release|Any CPU
		{84D5E84F-9717-45F9-ADF8-86994AB3F22E}.Release|Any CPU.Build.0 = Release|Any CPU
		{7A0DCED3-FAAE-4AB1-82FC-C971E9D8EE10}.Debug|Any CPU.ActiveCfg = Debug|Any CPU
		{7A0DCED3-FAAE-4AB1-82FC-C971E9D8EE10}.Debug|Any CPU.Build.0 = Debug|Any CPU
		{7A0DCED3-FAAE-4AB1-82FC-C971E9D8EE10}.Release|Any CPU.ActiveCfg = Release|Any CPU
		{7A0DCED3-FAAE-4AB1-82FC-C971E9D8EE10}.Release|Any CPU.Build.0 = Release|Any CPU
		{4B81958B-285C-4290-A47B-57865B2CE1DA}.Debug|Any CPU.ActiveCfg = Debug|Any CPU
		{4B81958B-285C-4290-A47B-57865B2CE1DA}.Debug|Any CPU.Build.0 = Debug|Any CPU
		{4B81958B-285C-4290-A47B-57865B2CE1DA}.Release|Any CPU.ActiveCfg = Release|Any CPU
		{4B81958B-285C-4290-A47B-57865B2CE1DA}.Release|Any CPU.Build.0 = Release|Any CPU
		{3C0DB882-61A0-4F5F-8D4B-0A385A931C60}.Debug|Any CPU.ActiveCfg = Debug|Any CPU
		{3C0DB882-61A0-4F5F-8D4B-0A385A931C60}.Debug|Any CPU.Build.0 = Debug|Any CPU
		{3C0DB882-61A0-4F5F-8D4B-0A385A931C60}.Release|Any CPU.ActiveCfg = Release|Any CPU
		{3C0DB882-61A0-4F5F-8D4B-0A385A931C60}.Release|Any CPU.Build.0 = Release|Any CPU
		{31A6ABBA-B555-4DB8-B88B-F04BC0B537B3}.Debug|Any CPU.ActiveCfg = Debug|Any CPU
		{31A6ABBA-B555-4DB8-B88B-F04BC0B537B3}.Debug|Any CPU.Build.0 = Debug|Any CPU
		{31A6ABBA-B555-4DB8-B88B-F04BC0B537B3}.Release|Any CPU.ActiveCfg = Release|Any CPU
		{31A6ABBA-B555-4DB8-B88B-F04BC0B537B3}.Release|Any CPU.Build.0 = Release|Any CPU
	EndGlobalSection
	GlobalSection(SolutionProperties) = preSolution
		HideSolutionNode = FALSE
	EndGlobalSection
	GlobalSection(ExtensibilityGlobals) = postSolution
		SolutionGuid = {F519A3C9-EA82-452F-9F2C-63F391776531}
	EndGlobalSection
EndGlobal
